{
  "name": "bigO",
  "version": "1.0.0",
  "lockfileVersion": 1,
  "requires": true,
  "dependencies": {
    "array-generator": {
      "version": "1.0.2",
      "resolved": "https://registry.npmjs.org/array-generator/-/array-generator-1.0.2.tgz",
      "integrity": "sha512-sEhLSMS436XuFv5o8LDBC4pE5Y54lU6A2BBcdupekcinPMzJAoF4ky7Sp56sB//bW9YPMGA3l49SYq/+jmNXQg=="
    }
  }
}
